
Microsoft Visual Studio Solution File, Format Version 12.00
Project("{FAE04EC0-301F-11D3-BF4B-00C04F79EFBC}") = "PG3302-Eksamen", "PG3302-Eksamen\PG3302-Eksamen.csproj", "{DB757114-A277-48ED-8520-02E6839E2274}"
EndProject
Project("{FAE04EC0-301F-11D3-BF4B-00C04F79EFBC}") = "PG3302-Eksamen-UnitTesting", "PG3302-Eksamen-UnitTesting\PG3302-Eksamen-UnitTesting.csproj", "{FD996F2A-50DC-41A6-A917-74518CE5B8DB}"
EndProject
Global
	GlobalSection(SolutionConfigurationPlatforms) = preSolution
		Debug|Any CPU = Debug|Any CPU
		Release|Any CPU = Release|Any CPU
	EndGlobalSection
	GlobalSection(ProjectConfigurationPlatforms) = postSolution
		{DB757114-A277-48ED-8520-02E6839E2274}.Debug|Any CPU.ActiveCfg = Debug|Any CPU
		{DB757114-A277-48ED-8520-02E6839E2274}.Debug|Any CPU.Build.0 = Debug|Any CPU
		{DB757114-A277-48ED-8520-02E6839E2274}.Release|Any CPU.ActiveCfg = Release|Any CPU
		{DB757114-A277-48ED-8520-02E6839E2274}.Release|Any CPU.Build.0 = Release|Any CPU
		{FD996F2A-50DC-41A6-A917-74518CE5B8DB}.Debug|Any CPU.ActiveCfg = Debug|Any CPU
		{FD996F2A-50DC-41A6-A917-74518CE5B8DB}.Debug|Any CPU.Build.0 = Debug|Any CPU
		{FD996F2A-50DC-41A6-A917-74518CE5B8DB}.Release|Any CPU.ActiveCfg = Release|Any CPU
		{FD996F2A-50DC-41A6-A917-74518CE5B8DB}.Release|Any CPU.Build.0 = Release|Any CPU
	EndGlobalSection
EndGlobal
